
Microsoft Visual Studio Solution File, Format Version 12.00
# Visual Studio Version 16
VisualStudioVersion = 16.0.30503.244
MinimumVisualStudioVersion = 10.0.40219.1
Project("{8BC9CEB8-8B4A-11D0-8D11-00A0C91BC942}") = "DirectX12", "DirectX12.vcxproj", "{DB0D34FC-9E0C-4678-8F8E-F39F23DF6A18}"
EndProject
Global
	GlobalSection(SolutionConfigurationPlatforms) = preSolution
		Debug|x64 = Debug|x64
		Debug|x86 = Debug|x86
		Release|x64 = Release|x64
		Release|x86 = Release|x86
	EndGlobalSection
	GlobalSection(ProjectConfigurationPlatforms) = postSolution
		{DB0D34FC-9E0C-4678-8F8E-F39F23DF6A18}.Debug|x64.ActiveCfg = Debug|x64
		{DB0D34FC-9E0C-4678-8F8E-F39F23DF6A18}.Debug|x64.Build.0 = Debug|x64
		{DB0D34FC-9E0C-4678-8F8E-F39F23DF6A18}.Debug|x86.ActiveCfg = Debug|Win32
		{DB0D34FC-9E0C-4678-8F8E-F39F23DF6A18}.Debug|x86.Build.0 = Debug|Win32
		{DB0D34FC-9E0C-4678-8F8E-F39F23DF6A18}.Release|x64.ActiveCfg = Release|x64
		{DB0D34FC-9E0C-4678-8F8E-F39F23DF6A18}.Release|x64.Build.0 = Release|x64
		{DB0D34FC-9E0C-4678-8F8E-F39F23DF6A18}.Release|x86.ActiveCfg = Release|Win32
		{DB0D34FC-9E0C-4678-8F8E-F39F23DF6A18}.Release|x86.Build.0 = Release|Win32
	EndGlobalSection
	GlobalSection(SolutionProperties) = preSolution
		HideSolutionNode = FALSE
	EndGlobalSection
	GlobalSection(ExtensibilityGlobals) = postSolution
		SolutionGuid = {CC6A562E-102B-4A56-81CA-CA54DF87F48F}
	EndGlobalSection
EndGlobal
